
Microsoft Visual Studio Solution File, Format Version 12.00
# Visual Studio Version 16
VisualStudioVersion = 16.0.30804.86
MinimumVisualStudioVersion = 10.0.40219.1
Project("{FAE04EC0-301F-11D3-BF4B-00C04F79EFBC}") = "project1", "project1\project1.csproj", "{A128618B-9E36-49B3-AE7E-EB24094EC60E}"
EndProject
Global
	GlobalSection(SolutionConfigurationPlatforms) = preSolution
		Debug|Any CPU = Debug|Any CPU
		Release|Any CPU = Release|Any CPU
	EndGlobalSection
	GlobalSection(ProjectConfigurationPlatforms) = postSolution
		{A128618B-9E36-49B3-AE7E-EB24094EC60E}.Debug|Any CPU.ActiveCfg = Debug|Any CPU
		{A128618B-9E36-49B3-AE7E-EB24094EC60E}.Debug|Any CPU.Build.0 = Debug|Any CPU
		{A128618B-9E36-49B3-AE7E-EB24094EC60E}.Release|Any CPU.ActiveCfg = Release|Any CPU
		{A128618B-9E36-49B3-AE7E-EB24094EC60E}.Release|Any CPU.Build.0 = Release|Any CPU
	EndGlobalSection
	GlobalSection(SolutionProperties) = preSolution
		HideSolutionNode = FALSE
	EndGlobalSection
	GlobalSection(ExtensibilityGlobals) = postSolution
		SolutionGuid = {B0872428-2DFB-4BDC-8FE5-EA83E3D71C7E}
	EndGlobalSection
EndGlobal
